<?xml version="1.0" encoding="utf-8"?>
<Project ToolsVersion="4.0" xmlns="http://schemas.microsoft.com/developer/msbuild/2003">
  <ItemGroup>
    <ClCompile Include="CBaseAttack.cpp" />
    <ClCompile Include="CBasicAttackScript.cpp" />
    <ClCompile Include="CCameraMoveScript.cpp" />
    <ClCompile Include="CChampionAttackState.cpp" />
    <ClCompile Include="CChampionDeathState.cpp" />
    <ClCompile Include="CChampionIdleState.cpp" />
    <ClCompile Include="CChampionRecallState.cpp" />
    <ClCompile Include="CChampionRespawnState.cpp" />
    <ClCompile Include="CChampionScript.cpp" />
    <ClCompile Include="CChampionSkillState.cpp" />
    <ClCompile Include="CChampionWalkState.cpp" />
    <ClCompile Include="CFlash.cpp" />
    <ClCompile Include="CGameEventMgr.cpp" />
    <ClCompile Include="CHeal.cpp" />
    <ClCompile Include="CInhibitorBrokenState.cpp" />
    <ClCompile Include="CInhibitorIdleState.cpp" />
    <ClCompile Include="CInhibitorScript.cpp" />
    <ClCompile Include="CInhibitorSpawnState.cpp" />
    <ClCompile Include="CJinxDeathState.cpp" />
    <ClCompile Include="CJinxIdleState.cpp" />
    <ClCompile Include="CJinxQ.cpp" />
    <ClCompile Include="CJinxQState.cpp" />
    <ClCompile Include="CJinxRespawnState.cpp" />
    <ClCompile Include="CJinxScript.cpp" />
    <ClCompile Include="CJinxW.cpp" />
    <ClCompile Include="CJinxWalkState.cpp" />
    <ClCompile Include="CMinionAttackState.cpp" />
    <ClCompile Include="CMinionDeathState.cpp" />
    <ClCompile Include="CMinionScript.cpp" />
    <ClCompile Include="CMinionWalkState.cpp" />
    <ClCompile Include="CMobScript.cpp" />
    <ClCompile Include="CNexusScript.cpp" />
    <ClCompile Include="COtherPlayerScript.cpp" />
    <ClCompile Include="CPlayerScript.cpp" />
    <ClCompile Include="CScriptMgr.cpp" />
    <ClCompile Include="CInGameCameraScript.cpp" />
    <ClCompile Include="CSkill.cpp" />
    <ClCompile Include="CStructureScript.cpp" />
    <ClCompile Include="CTurretScript.cpp" />
    <ClCompile Include="CUnitScript.cpp" />
    <ClCompile Include="CUnitState.cpp" />
    <ClCompile Include="pch.cpp" />
    <ClCompile Include="Script.cpp" />
    <ClCompile Include="CCharacterUIScript.cpp">
      <Filter>UIScript</Filter>
    </ClCompile>
    <ClCompile Include="CCoolDownUIScript.cpp">
      <Filter>UIScript</Filter>
    </ClCompile>
    <ClCompile Include="CExpRatioUIScript.cpp">
      <Filter>UIScript</Filter>
    </ClCompile>
    <ClCompile Include="CHpMpRatioUIScript.cpp">
      <Filter>UIScript</Filter>
    </ClCompile>
    <ClCompile Include="CInventoryUIScript.cpp">
      <Filter>UIScript</Filter>
    </ClCompile>
    <ClCompile Include="CUIScript.cpp">
      <Filter>UIScript</Filter>
    </ClCompile>
    <ClCompile Include="CWorldHPSpawnScript.cpp">
      <Filter>UIScript</Filter>
    </ClCompile>
    <ClCompile Include="CWorldHPUIScript.cpp">
      <Filter>UIScript</Filter>
    </ClCompile>
    <ClCompile Include="CMinimapUIScript.cpp" />
    <ClCompile Include="CMouseCursorUIScript.cpp" />
    <ClCompile Include="CMoveCursorUIScript.cpp" />
    <ClCompile Include="CTurretAttackScript.cpp" />
    <ClCompile Include="CGrompScript.cpp">
      <Filter>Gromp</Filter>
    </ClCompile>
    <ClCompile Include="CGrompChaseState.cpp">
      <Filter>Gromp</Filter>
    </ClCompile>
    <ClCompile Include="CGrompIdleState.cpp">
      <Filter>Gromp</Filter>
    </ClCompile>
    <ClCompile Include="CGrompSpawnState.cpp">
      <Filter>Gromp</Filter>
    </ClCompile>
    <ClCompile Include="CJungleAlertState.cpp">
      <Filter>JungleMonster</Filter>
    </ClCompile>
    <ClCompile Include="CJungleAttackState.cpp">
      <Filter>JungleMonster</Filter>
    </ClCompile>
    <ClCompile Include="CJungleChaseState.cpp">
      <Filter>JungleMonster</Filter>
    </ClCompile>
    <ClCompile Include="CJungleDeathState.cpp">
      <Filter>JungleMonster</Filter>
    </ClCompile>
    <ClCompile Include="CJungleIdleState.cpp">
      <Filter>JungleMonster</Filter>
    </ClCompile>
    <ClCompile Include="CJungleMonsterScript.cpp">
      <Filter>JungleMonster</Filter>
    </ClCompile>
    <ClCompile Include="CJungleReturnState.cpp">
      <Filter>JungleMonster</Filter>
    </ClCompile>
    <ClCompile Include="CJungleSpawnState.cpp">
      <Filter>JungleMonster</Filter>
    </ClCompile>
    <ClCompile Include="CGrompAttackState.cpp">
      <Filter>Gromp</Filter>
    </ClCompile>
    <ClCompile Include="CGrompDeathState.cpp">
      <Filter>Gromp</Filter>
    </ClCompile>
    <ClCompile Include="CGrompReturnState.cpp">
      <Filter>Gromp</Filter>
    </ClCompile>
    <ClCompile Include="CGrompAlertState.cpp">
      <Filter>Gromp</Filter>
    </ClCompile>
    <ClCompile Include="CJungleA2NState.cpp">
      <Filter>JungleMonster</Filter>
    </ClCompile>
    <ClCompile Include="CGrompA2NState.cpp">
      <Filter>Gromp</Filter>
    </ClCompile>
    <ClCompile Include="CJungleN2AState.cpp">
      <Filter>JungleMonster</Filter>
    </ClCompile>
    <ClCompile Include="CGrompN2AState.cpp">
      <Filter>Gromp</Filter>
    </ClCompile>
    <ClCompile Include="CSoundTestScript.cpp" />
    <ClCompile Include="CFontUIScript.cpp" />
    <ClCompile Include="CScorePanelScript.cpp" />
  </ItemGroup>
  <ItemGroup>
    <ClInclude Include="CCameraMoveScript.h" />
    <ClInclude Include="COtherPlayerScript.h" />
    <ClInclude Include="CPlayerScript.h" />
    <ClInclude Include="CScriptMgr.h" />
    <ClInclude Include="framework.h" />
    <ClInclude Include="CInGameCameraScript.h" />
    <ClInclude Include="pch.h" />
    <ClInclude Include="CCharacterUIScript.h">
      <Filter>UIScript</Filter>
    </ClInclude>
    <ClInclude Include="CCoolDownUIScript.h">
      <Filter>UIScript</Filter>
    </ClInclude>
    <ClInclude Include="CExpRatioUIScript.h">
      <Filter>UIScript</Filter>
    </ClInclude>
    <ClInclude Include="CHpMpRatioUIScript.h">
      <Filter>UIScript</Filter>
    </ClInclude>
    <ClInclude Include="CInventoryUIScript.h">
      <Filter>UIScript</Filter>
    </ClInclude>
    <ClInclude Include="CUIScript.h">
      <Filter>UIScript</Filter>
    </ClInclude>
    <ClInclude Include="CWorldHPSpawnScript.h">
      <Filter>UIScript</Filter>
    </ClInclude>
    <ClInclude Include="CWorldHPUIScript.h">
      <Filter>UIScript</Filter>
    </ClInclude>
    <ClInclude Include="CMinimapUIScript.h" />
    <ClInclude Include="CMouseCursorUIScript.h" />
    <ClInclude Include="CMoveCursorUIScript.h" />
    <ClInclude Include="CSoundTestScript.h" />
    <ClInclude Include="CFontUIScript.h" />
    <ClInclude Include="CScorePanelScript.h" />
  </ItemGroup>
  <ItemGroup>
    <ClCompile Include="CPlayerScript.cpp">
      <Filter>Script</Filter>
    </ClCompile>
    <ClCompile Include="pch.cpp">
      <Filter>Default</Filter>
    </ClCompile>
    <ClCompile Include="Script.cpp">
      <Filter>Default</Filter>
    </ClCompile>
    <ClCompile Include="CScriptMgr.cpp">
      <Filter>ScriptMgr</Filter>
    </ClCompile>
    <ClCompile Include="CInGameCameraScript.cpp">
      <Filter>Script\Camera</Filter>
    </ClCompile>
    <ClCompile Include="CCameraMoveScript.cpp">
      <Filter>Script\Camera</Filter>
    </ClCompile>
    <ClCompile Include="COtherPlayerScript.cpp">
      <Filter>Script</Filter>
    </ClCompile>
    <ClInclude Include="CBaseAttack.h" />
    <ClInclude Include="CBasicAttackScript.h" />
    <ClInclude Include="CCameraMoveScript.h" />
    <ClInclude Include="CChampionAttackState.h" />
    <ClInclude Include="CChampionDeathState.h" />
    <ClInclude Include="CChampionIdleState.h" />
    <ClInclude Include="CChampionRecallState.h" />
    <ClInclude Include="CChampionRespawnState.h" />
    <ClInclude Include="CChampionScript.h" />
    <ClInclude Include="CChampionSkillState.h" />
    <ClInclude Include="CChampionWalkState.h" />
    <ClInclude Include="CFlash.h" />
    <ClInclude Include="CGameEvent.h" />
    <ClInclude Include="CGameEventMgr.h" />
    <ClInclude Include="CHeal.h" />
    <ClInclude Include="CInhibitorBrokenState.h" />
    <ClInclude Include="CInhibitorIdleState.h" />
    <ClInclude Include="CInhibitorScript.h" />
    <ClInclude Include="CInhibitorSpawnState.h" />
    <ClInclude Include="CJinxDeathState.h" />
    <ClInclude Include="CJinxIdleState.h" />
    <ClInclude Include="CJinxQ.h" />
    <ClInclude Include="CJinxQState.h" />
    <ClInclude Include="CJinxRespawnState.h" />
    <ClInclude Include="CJinxScript.h" />
    <ClInclude Include="CJinxW.h" />
    <ClInclude Include="CJinxWalkState.h" />
    <ClInclude Include="CMinionAttackState.h" />
    <ClInclude Include="CMinionDeathState.h" />
    <ClInclude Include="CMinionScript.h" />
    <ClInclude Include="CMinionWalkState.h" />
    <ClInclude Include="CMobScript.h" />
    <ClInclude Include="CNexusScript.h" />
    <ClInclude Include="COtherPlayerScript.h" />
    <ClInclude Include="CPlayerScript.h" />
    <ClInclude Include="CScriptMgr.h" />
    <ClInclude Include="CSkill.h" />
    <ClInclude Include="CStructureScript.h" />
    <ClInclude Include="CTurretScript.h" />
    <ClInclude Include="CUnitScript.h" />
    <ClInclude Include="CUnitState.h" />
    <ClInclude Include="framework.h" />
    <ClInclude Include="CInGameCameraScript.h" />
    <ClInclude Include="IGameEventListener.h" />
    <ClInclude Include="pch.h" />
    <ClInclude Include="CTurretAttackScript.h" />
    <ClInclude Include="CGrompScript.h">
      <Filter>Gromp</Filter>
    </ClInclude>
    <ClInclude Include="CGrompChaseState.h">
      <Filter>Gromp</Filter>
    </ClInclude>
    <ClInclude Include="CGrompIdleState.h">
      <Filter>Gromp</Filter>
    </ClInclude>
    <ClInclude Include="CGrompSpawnState.h">
      <Filter>Gromp</Filter>
    </ClInclude>
    <ClInclude Include="CJungleAlertState.h">
      <Filter>JungleMonster</Filter>
    </ClInclude>
    <ClInclude Include="CJungleAttackState.h">
      <Filter>JungleMonster</Filter>
    </ClInclude>
    <ClInclude Include="CJungleChaseState.h">
      <Filter>JungleMonster</Filter>
    </ClInclude>
    <ClInclude Include="CJungleDeathState.h">
      <Filter>JungleMonster</Filter>
    </ClInclude>
    <ClInclude Include="CJungleIdleState.h">
      <Filter>JungleMonster</Filter>
    </ClInclude>
    <ClInclude Include="CJungleMonsterScript.h">
      <Filter>JungleMonster</Filter>
    </ClInclude>
    <ClInclude Include="CJungleReturnState.h">
      <Filter>JungleMonster</Filter>
    </ClInclude>
    <ClInclude Include="CJungleSpawnState.h">
      <Filter>JungleMonster</Filter>
    </ClInclude>
    <ClInclude Include="CGrompAttackState.h">
      <Filter>Gromp</Filter>
    </ClInclude>
    <ClInclude Include="CGrompDeathState.h">
      <Filter>Gromp</Filter>
    </ClInclude>
    <ClInclude Include="CGrompReturnState.h">
      <Filter>Gromp</Filter>
    </ClInclude>
    <ClInclude Include="CGrompAlertState.h">
      <Filter>Gromp</Filter>
    </ClInclude>
    <ClInclude Include="CJungleA2NState.h">
      <Filter>JungleMonster</Filter>
    </ClInclude>
    <ClInclude Include="CGrompA2NState.h">
      <Filter>Gromp</Filter>
    </ClInclude>
    <ClInclude Include="CJungleN2AState.h">
      <Filter>JungleMonster</Filter>
    </ClInclude>
    <ClInclude Include="CGrompN2AState.h">
      <Filter>Gromp</Filter>
    </ClInclude>
  </ItemGroup>
  <ItemGroup>
    <Filter Include="Gromp">
      <UniqueIdentifier>{17c15e8a-0b55-4215-8413-ca47dae3ade0}</UniqueIdentifier>
    </Filter>
    <Filter Include="JungleMonster">
      <UniqueIdentifier>{df08843b-93b3-4e43-abd8-1a0eaf60c941}</UniqueIdentifier>
    </Filter>
  </ItemGroup>
  <ItemGroup>
    <Filter Include="UIScript">
      <UniqueIdentifier>{6b48a3ea-5546-4150-a739-2374ab84deed}</UniqueIdentifier>
    </Filter>
  </ItemGroup>
</Project>