<?xml version="1.0" encoding="utf-8"?>
<Project ToolsVersion="4.0" xmlns="http://schemas.microsoft.com/developer/msbuild/2003">
  <ItemGroup>
    <FxCompile Include="postprocess.fx">
      <Filter>Source\08. ShaderCode\02. Render\2D</Filter>
    </FxCompile>
    <FxCompile Include="skybox.fx">
      <Filter>Source\08. ShaderCode\02. Render\3D</Filter>
    </FxCompile>
    <FxCompile Include="std2d.fx">
      <Filter>Source\08. ShaderCode\02. Render\2D</Filter>
    </FxCompile>
    <FxCompile Include="std3d.fx">
      <Filter>Source\08. ShaderCode\02. Render\3D</Filter>
    </FxCompile>
    <FxCompile Include="tilemap.fx">
      <Filter>Source\08. ShaderCode\02. Render\2D</Filter>
    </FxCompile>
    <FxCompile Include="func.fx">
      <Filter>Source\08. ShaderCode\01. Header</Filter>
    </FxCompile>
    <FxCompile Include="struct.fx">
      <Filter>Source\08. ShaderCode\01. Header</Filter>
    </FxCompile>
    <FxCompile Include="value.fx">
      <Filter>Source\08. ShaderCode\01. Header</Filter>
    </FxCompile>
    <FxCompile Include="particle_render.fx">
      <Filter>Source\08. ShaderCode\02. Render</Filter>
    </FxCompile>
    <FxCompile Include="debugshape.fx">
      <Filter>Source\08. ShaderCode\02. Render</Filter>
    </FxCompile>
    <FxCompile Include="std3d_deferred.fx">
      <Filter>Source\08. ShaderCode\02. Render\3D</Filter>
    </FxCompile>
    <FxCompile Include="light.fx">
      <Filter>Source\08. ShaderCode\02. Render\3D</Filter>
    </FxCompile>
    <FxCompile Include="decal.fx">
      <Filter>Source\08. ShaderCode\02. Render\3D</Filter>
    </FxCompile>
    <FxCompile Include="landscape.fx">
      <Filter>Source\08. ShaderCode\02. Render\3D</Filter>
    </FxCompile>
    <FxCompile Include="tess.fx">
      <Filter>Source\08. ShaderCode\02. Render\3D</Filter>
    </FxCompile>
    <FxCompile Include="heightmap.fx">
      <Filter>Source\08. ShaderCode\03. Compute\LandScape\HeightMap</Filter>
    </FxCompile>
    <FxCompile Include="raycast.fx">
      <Filter>Source\08. ShaderCode\03. Compute\LandScape\RayCast</Filter>
    </FxCompile>
    <FxCompile Include="weightmap.fx">
      <Filter>Source\08. ShaderCode\03. Compute\LandScape\WeightMap</Filter>
    </FxCompile>
    <FxCompile Include="debugbounding.fx">
      <Filter>Source\08. ShaderCode\02. Render</Filter>
    </FxCompile>
    <FxCompile Include="particle_update.fx">
      <Filter>Source\08. ShaderCode\03. Compute\Particle</Filter>
    </FxCompile>
    <FxCompile Include="setcolor.fx">
      <Filter>Source\08. ShaderCode\03. Compute\SetColor</Filter>
    </FxCompile>
    <FxCompile Include="animation3d.fx">
      <Filter>Source\08. ShaderCode\03. Compute\Animation\AnimationUpdate</Filter>
    </FxCompile>
    <FxCompile Include="worldmap.fx">
      <Filter>Source\08. ShaderCode\02. Render\3D</Filter>
    </FxCompile>
    <FxCompile Include="fogofwarshader.fx">
      <Filter>Source\08. ShaderCode\03. Compute\FogOfWar\FogOfWar</Filter>
    </FxCompile>
    <FxCompile Include="fogfiltershader.fx">
      <Filter>Source\08. ShaderCode\03. Compute\FogOfWar\FogFilter</Filter>
    </FxCompile>
    <FxCompile Include="minimap.fx">
      <Filter>Source\08. ShaderCode\02. Render\2D</Filter>
    </FxCompile>
    <FxCompile Include="copybone.fx">
      <Filter>Source\08. ShaderCode\03. Compute\CopyBone</Filter>
    </FxCompile>
  </ItemGroup>
  <ItemGroup>
    <ClCompile Include="CRes.cpp">
      <Filter>Source\07. Resource</Filter>
    </ClCompile>
    <ClCompile Include="CRenderComponent.cpp">
      <Filter>Source\06.Component\RenderComponent</Filter>
    </ClCompile>
    <ClCompile Include="CLayer.cpp">
      <Filter>Source\04. Level</Filter>
    </ClCompile>
    <ClCompile Include="CLevel.cpp">
      <Filter>Source\04. Level</Filter>
    </ClCompile>
    <ClCompile Include="CMRT.cpp">
      <Filter>Source\10. MRT</Filter>
    </ClCompile>
    <ClCompile Include="pch.cpp">
      <Filter>Default</Filter>
    </ClCompile>
    <ClCompile Include="Engine.cpp">
      <Filter>Default</Filter>
    </ClCompile>
    <ClCompile Include="extern.cpp">
      <Filter>Source\00. header</Filter>
    </ClCompile>
    <ClCompile Include="CConstBuffer.cpp">
      <Filter>Source\02.Device\ConstBuffer</Filter>
    </ClCompile>
    <ClCompile Include="CStructuredBuffer.cpp">
      <Filter>Source\02.Device\StructuredBuffer</Filter>
    </ClCompile>
    <ClCompile Include="CDevice.cpp">
      <Filter>Source\02.Device</Filter>
    </ClCompile>
    <ClCompile Include="func.cpp">
      <Filter>Source\00. header</Filter>
    </ClCompile>
    <ClCompile Include="CEngine.cpp">
      <Filter>Source\01.Engine</Filter>
    </ClCompile>
    <ClCompile Include="CMesh.cpp">
      <Filter>Source\07. Resource\1.Mesh</Filter>
    </ClCompile>
    <ClCompile Include="CTexture.cpp">
      <Filter>Source\07. Resource\2.Texture</Filter>
    </ClCompile>
    <ClCompile Include="CMaterial.cpp">
      <Filter>Source\07. Resource\3.Material</Filter>
    </ClCompile>
    <ClCompile Include="CComputeShader.cpp">
      <Filter>Source\07. Resource\4.Shader\ComputeShader</Filter>
    </ClCompile>
    <ClCompile Include="CGraphicsShader.cpp">
      <Filter>Source\07. Resource\4.Shader\GraphicsShader</Filter>
    </ClCompile>
    <ClCompile Include="CShader.cpp">
      <Filter>Source\07. Resource\4.Shader</Filter>
    </ClCompile>
    <ClCompile Include="CPrefab.cpp">
      <Filter>Source\07. Resource\5.Prefab</Filter>
    </ClCompile>
    <ClCompile Include="CSound.cpp">
      <Filter>Source\07. Resource\6.Sound</Filter>
    </ClCompile>
    <ClCompile Include="CTransform.cpp">
      <Filter>Source\06.Component\1.Transform</Filter>
    </ClCompile>
    <ClCompile Include="CCollider2D.cpp">
      <Filter>Source\06.Component\2.Collider2D</Filter>
    </ClCompile>
    <ClCompile Include="CCamera.cpp">
      <Filter>Source\06.Component\3.Camera</Filter>
    </ClCompile>
    <ClCompile Include="CLight2D.cpp">
      <Filter>Source\06.Component\4.Light2D</Filter>
    </ClCompile>
    <ClCompile Include="CAnimator2D.cpp">
      <Filter>Source\06.Component\5.Animator2D</Filter>
    </ClCompile>
    <ClCompile Include="CLight3D.cpp">
      <Filter>Source\06.Component\7.Light3D</Filter>
    </ClCompile>
    <ClCompile Include="CAnim2D.cpp">
      <Filter>Source\06.Component\5.Animator2D</Filter>
    </ClCompile>
    <ClCompile Include="CGameObject.cpp">
      <Filter>Source\05.GameObject</Filter>
    </ClCompile>
    <ClCompile Include="CComponent.cpp">
      <Filter>Source\06.Component</Filter>
    </ClCompile>
    <ClCompile Include="CScript.cpp">
      <Filter>Source\06.Component\Script</Filter>
    </ClCompile>
    <ClCompile Include="CMeshRender.cpp">
      <Filter>Source\06.Component\RenderComponent\1.MeshRenderer</Filter>
    </ClCompile>
    <ClCompile Include="CParticleSystem.cpp">
      <Filter>Source\06.Component\RenderComponent\2.ParticleSystem</Filter>
    </ClCompile>
    <ClCompile Include="CTileMap.cpp">
      <Filter>Source\06.Component\RenderComponent\3.TileMap</Filter>
    </ClCompile>
    <ClCompile Include="CSkyBox.cpp">
      <Filter>Source\06.Component\RenderComponent\4.SkyBox</Filter>
    </ClCompile>
    <ClCompile Include="CDecal.cpp">
      <Filter>Source\06.Component\RenderComponent\5.Decal</Filter>
    </ClCompile>
    <ClCompile Include="CLandScape.cpp">
      <Filter>Source\06.Component\RenderComponent\6.LandScape</Filter>
    </ClCompile>
    <ClCompile Include="CPathMgr.cpp">
      <Filter>Source\03. Manager\01.PathMgr</Filter>
    </ClCompile>
    <ClCompile Include="CTimeMgr.cpp">
      <Filter>Source\03. Manager\02.TimeMgr</Filter>
    </ClCompile>
    <ClCompile Include="CKeyMgr.cpp">
      <Filter>Source\03. Manager\03.KeyMgr</Filter>
    </ClCompile>
    <ClCompile Include="CLevelMgr.cpp">
      <Filter>Source\03. Manager\04.LevelMgr</Filter>
    </ClCompile>
    <ClCompile Include="CResMgr.cpp">
      <Filter>Source\03. Manager\05.CResMgr</Filter>
    </ClCompile>
    <ClCompile Include="CResMgr_init.cpp">
      <Filter>Source\03. Manager\05.CResMgr</Filter>
    </ClCompile>
    <ClCompile Include="CRenderMgr.cpp">
      <Filter>Source\03. Manager\06.RenderMgr</Filter>
    </ClCompile>
    <ClCompile Include="CRenderMgr_init.cpp">
      <Filter>Source\03. Manager\06.RenderMgr</Filter>
    </ClCompile>
    <ClCompile Include="CCollisionMgr.cpp">
      <Filter>Source\03. Manager\07.CollisionMgr</Filter>
    </ClCompile>
    <ClCompile Include="CEventMgr.cpp">
      <Filter>Source\03. Manager\09.EventMgr</Filter>
    </ClCompile>
    <ClCompile Include="CFontMgr.cpp">
      <Filter>Source\03. Manager\11.FontMgr</Filter>
    </ClCompile>
    <ClCompile Include="CCollider3D.cpp">
      <Filter>Source\06.Component\8.Collider3D</Filter>
    </ClCompile>
    <ClCompile Include="CCollisionMgr_3D.cpp">
      <Filter>Source\03. Manager\07.CollisionMgr</Filter>
    </ClCompile>
    <ClCompile Include="CFrustum.cpp">
      <Filter>Source\06.Component\3.Camera</Filter>
    </ClCompile>
    <ClCompile Include="CHeightMapShader.cpp">
      <Filter>Source\08. ShaderCode\03. Compute\LandScape\HeightMap</Filter>
    </ClCompile>
    <ClCompile Include="CLandScape_init.cpp">
      <Filter>Source\06.Component\RenderComponent\6.LandScape</Filter>
    </ClCompile>
    <ClCompile Include="CRaycastShader.cpp">
      <Filter>Source\08. ShaderCode\03. Compute\LandScape\RayCast</Filter>
    </ClCompile>
    <ClCompile Include="CWeightMapShader.cpp">
      <Filter>Source\08. ShaderCode\03. Compute\LandScape\WeightMap</Filter>
    </ClCompile>
    <ClCompile Include="CFsm.cpp">
      <Filter>Source\06.Component\9.Fsm</Filter>
    </ClCompile>
    <ClCompile Include="CState.cpp">
      <Filter>Source\06.Component\9.Fsm</Filter>
    </ClCompile>
    <ClCompile Include="CEntity.cpp">
      <Filter>Source</Filter>
    </ClCompile>
    <ClCompile Include="CMeshData.cpp">
      <Filter>Source\07. Resource\7.MeshData</Filter>
    </ClCompile>
    <ClCompile Include="CFBXLoader.cpp">
      <Filter>Source\03. Manager\05.CResMgr</Filter>
    </ClCompile>
    <ClCompile Include="CSetColorShader.cpp">
      <Filter>Source\08. ShaderCode\03. Compute\SetColor</Filter>
    </ClCompile>
    <ClCompile Include="CParticleUpdateShader.cpp">
      <Filter>Source\08. ShaderCode\03. Compute\Particle</Filter>
    </ClCompile>
    <ClCompile Include="CAnimator3D.cpp">
      <Filter>Source\06.Component\6.Animator3D</Filter>
    </ClCompile>
    <ClCompile Include="CAnimation3DShader.cpp">
      <Filter>Source\08. ShaderCode\03. Compute\Animation\AnimationUpdate</Filter>
    </ClCompile>
    <ClCompile Include="CAnim3D.cpp">
      <Filter>Source\06.Component\6.Animator3D</Filter>
    </ClCompile>
    <ClCompile Include="Detour\DetourAlloc.cpp">
      <Filter>NaviMesh</Filter>
    </ClCompile>
    <ClCompile Include="Detour\DetourAssert.cpp">
      <Filter>NaviMesh</Filter>
    </ClCompile>
    <ClCompile Include="Detour\DetourCommon.cpp">
      <Filter>NaviMesh</Filter>
    </ClCompile>
    <ClCompile Include="Detour\DetourNavMesh.cpp">
      <Filter>NaviMesh</Filter>
    </ClCompile>
    <ClCompile Include="Detour\DetourNavMeshBuilder.cpp">
      <Filter>NaviMesh</Filter>
    </ClCompile>
    <ClCompile Include="Detour\DetourNavMeshQuery.cpp">
      <Filter>NaviMesh</Filter>
    </ClCompile>
    <ClCompile Include="Detour\DetourNode.cpp">
      <Filter>NaviMesh</Filter>
    </ClCompile>
    <ClCompile Include="CPathFindMgr.cpp">
      <Filter>Source\03. Manager\10. PathFindMgr</Filter>
    </ClCompile>
    <ClCompile Include="CPathFinder.cpp">
      <Filter>Source\06.Component\10. PathFinder</Filter>
    </ClCompile>
    <ClCompile Include="CFogOfWarShader.cpp">
      <Filter>Source\08. ShaderCode\03. Compute\FogOfWar\FogOfWar</Filter>
    </ClCompile>
    <ClCompile Include="CFogFilterShader.cpp">
      <Filter>Source\08. ShaderCode\03. Compute\FogOfWar\FogFilter</Filter>
    </ClCompile>
    <ClCompile Include="CInstancingBuffer.cpp">
      <Filter>Source\03. Manager\12.InstancingBuffer</Filter>
    </ClCompile>
    <ClCompile Include="CCopyBoneShader.cpp">
      <Filter>Source\08. ShaderCode\03. Compute\CopyBone</Filter>
    </ClCompile>
  </ItemGroup>
  <ItemGroup>
    <ClInclude Include="components.h">
      <Filter>Source\00. header</Filter>
    </ClInclude>
    <ClInclude Include="global.h">
      <Filter>Source\00. header</Filter>
    </ClInclude>
    <ClInclude Include="define.h">
      <Filter>Source\00. header</Filter>
    </ClInclude>
    <ClInclude Include="CRes.h">
      <Filter>Source\07. Resource</Filter>
    </ClInclude>
    <ClInclude Include="func.h">
      <Filter>Source\00. header</Filter>
    </ClInclude>
    <ClInclude Include="struct.h">
      <Filter>Source\00. header</Filter>
    </ClInclude>
    <ClInclude Include="ptr.h">
      <Filter>Source\00. header</Filter>
    </ClInclude>
    <ClInclude Include="CRenderComponent.h">
      <Filter>Source\06.Component\RenderComponent</Filter>
    </ClInclude>
    <ClInclude Include="CLayer.h">
      <Filter>Source\04. Level</Filter>
    </ClInclude>
    <ClInclude Include="CLevel.h">
      <Filter>Source\04. Level</Filter>
    </ClInclude>
    <ClInclude Include="CMRT.h">
      <Filter>Source\10. MRT</Filter>
    </ClInclude>
    <ClInclude Include="framework.h">
      <Filter>Default</Filter>
    </ClInclude>
    <ClInclude Include="pch.h">
      <Filter>Default</Filter>
    </ClInclude>
    <ClInclude Include="CSingleton.h">
      <Filter>Source\09.Module</Filter>
    </ClInclude>
    <ClInclude Include="SimpleMath.h">
      <Filter>Source\09.Module\SimpleMath</Filter>
    </ClInclude>
    <ClInclude Include="CConstBuffer.h">
      <Filter>Source\02.Device\ConstBuffer</Filter>
    </ClInclude>
    <ClInclude Include="CStructuredBuffer.h">
      <Filter>Source\02.Device\StructuredBuffer</Filter>
    </ClInclude>
    <ClInclude Include="CDevice.h">
      <Filter>Source\02.Device</Filter>
    </ClInclude>
    <ClInclude Include="CEngine.h">
      <Filter>Source\01.Engine</Filter>
    </ClInclude>
    <ClInclude Include="CMesh.h">
      <Filter>Source\07. Resource\1.Mesh</Filter>
    </ClInclude>
    <ClInclude Include="CTexture.h">
      <Filter>Source\07. Resource\2.Texture</Filter>
    </ClInclude>
    <ClInclude Include="CMaterial.h">
      <Filter>Source\07. Resource\3.Material</Filter>
    </ClInclude>
    <ClInclude Include="CComputeShader.h">
      <Filter>Source\07. Resource\4.Shader\ComputeShader</Filter>
    </ClInclude>
    <ClInclude Include="CGraphicsShader.h">
      <Filter>Source\07. Resource\4.Shader\GraphicsShader</Filter>
    </ClInclude>
    <ClInclude Include="CShader.h">
      <Filter>Source\07. Resource\4.Shader</Filter>
    </ClInclude>
    <ClInclude Include="CPrefab.h">
      <Filter>Source\07. Resource\5.Prefab</Filter>
    </ClInclude>
    <ClInclude Include="CSound.h">
      <Filter>Source\07. Resource\6.Sound</Filter>
    </ClInclude>
    <ClInclude Include="CTransform.h">
      <Filter>Source\06.Component\1.Transform</Filter>
    </ClInclude>
    <ClInclude Include="CCollider2D.h">
      <Filter>Source\06.Component\2.Collider2D</Filter>
    </ClInclude>
    <ClInclude Include="CCamera.h">
      <Filter>Source\06.Component\3.Camera</Filter>
    </ClInclude>
    <ClInclude Include="CLight2D.h">
      <Filter>Source\06.Component\4.Light2D</Filter>
    </ClInclude>
    <ClInclude Include="CAnimator2D.h">
      <Filter>Source\06.Component\5.Animator2D</Filter>
    </ClInclude>
    <ClInclude Include="CLight3D.h">
      <Filter>Source\06.Component\7.Light3D</Filter>
    </ClInclude>
    <ClInclude Include="CAnim2D.h">
      <Filter>Source\06.Component\5.Animator2D</Filter>
    </ClInclude>
    <ClInclude Include="CGameObject.h">
      <Filter>Source\05.GameObject</Filter>
    </ClInclude>
    <ClInclude Include="CComponent.h">
      <Filter>Source\06.Component</Filter>
    </ClInclude>
    <ClInclude Include="CScript.h">
      <Filter>Source\06.Component\Script</Filter>
    </ClInclude>
    <ClInclude Include="CMeshRender.h">
      <Filter>Source\06.Component\RenderComponent\1.MeshRenderer</Filter>
    </ClInclude>
    <ClInclude Include="CParticleSystem.h">
      <Filter>Source\06.Component\RenderComponent\2.ParticleSystem</Filter>
    </ClInclude>
    <ClInclude Include="CTileMap.h">
      <Filter>Source\06.Component\RenderComponent\3.TileMap</Filter>
    </ClInclude>
    <ClInclude Include="CSkyBox.h">
      <Filter>Source\06.Component\RenderComponent\4.SkyBox</Filter>
    </ClInclude>
    <ClInclude Include="CDecal.h">
      <Filter>Source\06.Component\RenderComponent\5.Decal</Filter>
    </ClInclude>
    <ClInclude Include="CLandScape.h">
      <Filter>Source\06.Component\RenderComponent\6.LandScape</Filter>
    </ClInclude>
    <ClInclude Include="CPathMgr.h">
      <Filter>Source\03. Manager\01.PathMgr</Filter>
    </ClInclude>
    <ClInclude Include="CTimeMgr.h">
      <Filter>Source\03. Manager\02.TimeMgr</Filter>
    </ClInclude>
    <ClInclude Include="CKeyMgr.h">
      <Filter>Source\03. Manager\03.KeyMgr</Filter>
    </ClInclude>
    <ClInclude Include="CLevelMgr.h">
      <Filter>Source\03. Manager\04.LevelMgr</Filter>
    </ClInclude>
    <ClInclude Include="CResMgr.h">
      <Filter>Source\03. Manager\05.CResMgr</Filter>
    </ClInclude>
    <ClInclude Include="CRenderMgr.h">
      <Filter>Source\03. Manager\06.RenderMgr</Filter>
    </ClInclude>
    <ClInclude Include="CCollisionMgr.h">
      <Filter>Source\03. Manager\07.CollisionMgr</Filter>
    </ClInclude>
    <ClInclude Include="CEventMgr.h">
      <Filter>Source\03. Manager\09.EventMgr</Filter>
    </ClInclude>
    <ClInclude Include="CFontMgr.h">
      <Filter>Source\03. Manager\11.FontMgr</Filter>
    </ClInclude>
    <ClInclude Include="CCollider3D.h">
      <Filter>Source\06.Component\8.Collider3D</Filter>
    </ClInclude>
    <ClInclude Include="CFrustum.h">
      <Filter>Source\06.Component\3.Camera</Filter>
    </ClInclude>
    <ClInclude Include="CHeightMapShader.h">
      <Filter>Source\08. ShaderCode\03. Compute\LandScape\HeightMap</Filter>
    </ClInclude>
    <ClInclude Include="CRaycastShader.h">
      <Filter>Source\08. ShaderCode\03. Compute\LandScape\RayCast</Filter>
    </ClInclude>
    <ClInclude Include="CWeightMapShader.h">
      <Filter>Source\08. ShaderCode\03. Compute\LandScape\WeightMap</Filter>
    </ClInclude>
    <ClInclude Include="CFsm.h">
      <Filter>Source\06.Component\9.Fsm</Filter>
    </ClInclude>
    <ClInclude Include="CState.h">
      <Filter>Source\06.Component\9.Fsm</Filter>
    </ClInclude>
    <ClInclude Include="CEntity.h">
      <Filter>Source</Filter>
    </ClInclude>
    <ClInclude Include="CMeshData.h">
      <Filter>Source\07. Resource\7.MeshData</Filter>
    </ClInclude>
    <ClInclude Include="CFBXLoader.h">
      <Filter>Source\03. Manager\05.CResMgr</Filter>
    </ClInclude>
    <ClInclude Include="CSetColorShader.h">
      <Filter>Source\08. ShaderCode\03. Compute\SetColor</Filter>
    </ClInclude>
    <ClInclude Include="CParticleUpdateShader.h">
      <Filter>Source\08. ShaderCode\03. Compute\Particle</Filter>
    </ClInclude>
    <ClInclude Include="CAnimator3D.h">
      <Filter>Source\06.Component\6.Animator3D</Filter>
    </ClInclude>
    <ClInclude Include="CAnimation3DShader.h">
      <Filter>Source\08. ShaderCode\03. Compute\Animation\AnimationUpdate</Filter>
    </ClInclude>
    <ClInclude Include="CAnim3D.h">
      <Filter>Source\06.Component\6.Animator3D</Filter>
    </ClInclude>
    <ClInclude Include="rapidjson\allocators.h">
      <Filter>Default\rapidJson</Filter>
    </ClInclude>
    <ClInclude Include="rapidjson\cursorstreamwrapper.h">
      <Filter>Default\rapidJson</Filter>
    </ClInclude>
    <ClInclude Include="rapidjson\document.h">
      <Filter>Default\rapidJson</Filter>
    </ClInclude>
    <ClInclude Include="rapidjson\encodedstream.h">
      <Filter>Default\rapidJson</Filter>
    </ClInclude>
    <ClInclude Include="rapidjson\encodings.h">
      <Filter>Default\rapidJson</Filter>
    </ClInclude>
    <ClInclude Include="rapidjson\error\en.h">
      <Filter>Default\rapidJson</Filter>
    </ClInclude>
    <ClInclude Include="rapidjson\error\error.h">
      <Filter>Default\rapidJson</Filter>
    </ClInclude>
    <ClInclude Include="rapidjson\filereadstream.h">
      <Filter>Default\rapidJson</Filter>
    </ClInclude>
    <ClInclude Include="rapidjson\filewritestream.h">
      <Filter>Default\rapidJson</Filter>
    </ClInclude>
    <ClInclude Include="rapidjson\fwd.h">
      <Filter>Default\rapidJson</Filter>
    </ClInclude>
    <ClInclude Include="rapidjson\internal\biginteger.h">
      <Filter>Default\rapidJson</Filter>
    </ClInclude>
    <ClInclude Include="rapidjson\internal\clzll.h">
      <Filter>Default\rapidJson</Filter>
    </ClInclude>
    <ClInclude Include="rapidjson\internal\diyfp.h">
      <Filter>Default\rapidJson</Filter>
    </ClInclude>
    <ClInclude Include="rapidjson\internal\dtoa.h">
      <Filter>Default\rapidJson</Filter>
    </ClInclude>
    <ClInclude Include="rapidjson\internal\ieee754.h">
      <Filter>Default\rapidJson</Filter>
    </ClInclude>
    <ClInclude Include="rapidjson\internal\itoa.h">
      <Filter>Default\rapidJson</Filter>
    </ClInclude>
    <ClInclude Include="rapidjson\internal\meta.h">
      <Filter>Default\rapidJson</Filter>
    </ClInclude>
    <ClInclude Include="rapidjson\internal\pow10.h">
      <Filter>Default\rapidJson</Filter>
    </ClInclude>
    <ClInclude Include="rapidjson\internal\regex.h">
      <Filter>Default\rapidJson</Filter>
    </ClInclude>
    <ClInclude Include="rapidjson\internal\stack.h">
      <Filter>Default\rapidJson</Filter>
    </ClInclude>
    <ClInclude Include="rapidjson\internal\strfunc.h">
      <Filter>Default\rapidJson</Filter>
    </ClInclude>
    <ClInclude Include="rapidjson\internal\strtod.h">
      <Filter>Default\rapidJson</Filter>
    </ClInclude>
    <ClInclude Include="rapidjson\internal\swap.h">
      <Filter>Default\rapidJson</Filter>
    </ClInclude>
    <ClInclude Include="rapidjson\istreamwrapper.h">
      <Filter>Default\rapidJson</Filter>
    </ClInclude>
    <ClInclude Include="rapidjson\memorybuffer.h">
      <Filter>Default\rapidJson</Filter>
    </ClInclude>
    <ClInclude Include="rapidjson\memorystream.h">
      <Filter>Default\rapidJson</Filter>
    </ClInclude>
    <ClInclude Include="rapidjson\msinttypes\inttypes.h">
      <Filter>Default\rapidJson</Filter>
    </ClInclude>
    <ClInclude Include="rapidjson\msinttypes\stdint.h">
      <Filter>Default\rapidJson</Filter>
    </ClInclude>
    <ClInclude Include="rapidjson\ostreamwrapper.h">
      <Filter>Default\rapidJson</Filter>
    </ClInclude>
    <ClInclude Include="rapidjson\pointer.h">
      <Filter>Default\rapidJson</Filter>
    </ClInclude>
    <ClInclude Include="rapidjson\prettywriter.h">
      <Filter>Default\rapidJson</Filter>
    </ClInclude>
    <ClInclude Include="rapidjson\rapidjson.h">
      <Filter>Default\rapidJson</Filter>
    </ClInclude>
    <ClInclude Include="rapidjson\reader.h">
      <Filter>Default\rapidJson</Filter>
    </ClInclude>
    <ClInclude Include="rapidjson\schema.h">
      <Filter>Default\rapidJson</Filter>
    </ClInclude>
    <ClInclude Include="rapidjson\stream.h">
      <Filter>Default\rapidJson</Filter>
    </ClInclude>
    <ClInclude Include="rapidjson\stringbuffer.h">
      <Filter>Default\rapidJson</Filter>
    </ClInclude>
    <ClInclude Include="rapidjson\uri.h">
      <Filter>Default\rapidJson</Filter>
    </ClInclude>
    <ClInclude Include="rapidjson\writer.h">
      <Filter>Default\rapidJson</Filter>
    </ClInclude>
    <ClInclude Include="Detour\DetourCommon.h">
      <Filter>NaviMesh</Filter>
    </ClInclude>
    <ClInclude Include="Detour\DetourMath.h">
      <Filter>NaviMesh</Filter>
    </ClInclude>
    <ClInclude Include="Detour\DetourNavMesh.h">
      <Filter>NaviMesh</Filter>
    </ClInclude>
    <ClInclude Include="Detour\DetourNavMeshBuilder.h">
      <Filter>NaviMesh</Filter>
    </ClInclude>
    <ClInclude Include="Detour\DetourNavMeshQuery.h">
      <Filter>NaviMesh</Filter>
    </ClInclude>
    <ClInclude Include="Detour\DetourNode.h">
      <Filter>NaviMesh</Filter>
    </ClInclude>
    <ClInclude Include="Detour\DetourStatus.h">
      <Filter>NaviMesh</Filter>
    </ClInclude>
    <ClInclude Include="Detour\DetourAlloc.h">
      <Filter>NaviMesh</Filter>
    </ClInclude>
    <ClInclude Include="Detour\DetourAssert.h">
      <Filter>NaviMesh</Filter>
    </ClInclude>
    <ClInclude Include="CPathFindMgr.h">
      <Filter>Source\03. Manager\10. PathFindMgr</Filter>
    </ClInclude>
    <ClInclude Include="CPathFinder.h">
      <Filter>Source\06.Component\10. PathFinder</Filter>
    </ClInclude>
    <ClInclude Include="CFogOfWarShader.h">
      <Filter>Source\08. ShaderCode\03. Compute\FogOfWar\FogOfWar</Filter>
    </ClInclude>
    <ClInclude Include="CFogFilterShader.h">
      <Filter>Source\08. ShaderCode\03. Compute\FogOfWar\FogFilter</Filter>
    </ClInclude>
    <ClInclude Include="serverpacket.h">
      <Filter>Source\00. header</Filter>
    </ClInclude>
    <ClInclude Include="CInstancingBuffer.h">
      <Filter>Source\03. Manager\12.InstancingBuffer</Filter>
    </ClInclude>
    <ClInclude Include="CCopyBoneShader.h">
      <Filter>Source\08. ShaderCode\03. Compute\CopyBone</Filter>
    </ClInclude>
  </ItemGroup>
  <ItemGroup>
    <Filter Include="Default">
      <UniqueIdentifier>{a646fac2-e977-4dac-80c2-d1f93be58cf3}</UniqueIdentifier>
    </Filter>
    <Filter Include="Source">
      <UniqueIdentifier>{c0997526-801a-4bdb-8ab8-ceb0210e4ca8}</UniqueIdentifier>
    </Filter>
    <Filter Include="Source\10. MRT">
      <UniqueIdentifier>{81e52ec4-96eb-47bb-9e46-f4e78b75efa6}</UniqueIdentifier>
    </Filter>
    <Filter Include="Source\08. ShaderCode">
      <UniqueIdentifier>{15b6b9d7-1520-41ab-ac99-8b1cfe0a51d4}</UniqueIdentifier>
    </Filter>
    <Filter Include="Source\08. ShaderCode\01. Header">
      <UniqueIdentifier>{9171b19e-bdf2-4c3f-afed-88ce92906da8}</UniqueIdentifier>
    </Filter>
    <Filter Include="Source\08. ShaderCode\02. Render">
      <UniqueIdentifier>{d3c0be42-f684-4443-a1e5-807b1905f029}</UniqueIdentifier>
    </Filter>
    <Filter Include="Source\08. ShaderCode\02. Render\2D">
      <UniqueIdentifier>{c290058e-83d5-4b04-a715-865438ba1a22}</UniqueIdentifier>
    </Filter>
    <Filter Include="Source\08. ShaderCode\02. Render\3D">
      <UniqueIdentifier>{e1008858-e36e-4d59-832b-34e0904a20d5}</UniqueIdentifier>
    </Filter>
    <Filter Include="Source\08. ShaderCode\03. Compute">
      <UniqueIdentifier>{a78b6500-fd09-42e8-9e9a-3e424db4a68c}</UniqueIdentifier>
    </Filter>
    <Filter Include="Source\09.Module">
      <UniqueIdentifier>{fb610376-d63b-4b24-9e65-306038909638}</UniqueIdentifier>
    </Filter>
    <Filter Include="Source\09.Module\SimpleMath">
      <UniqueIdentifier>{b42b92b3-7aa1-4f46-8b40-3b1c3be74376}</UniqueIdentifier>
    </Filter>
    <Filter Include="Source\03. Manager">
      <UniqueIdentifier>{830b9d4d-530e-42eb-8f44-7a781a1cedd3}</UniqueIdentifier>
    </Filter>
    <Filter Include="Source\00. header">
      <UniqueIdentifier>{4549b324-204a-4360-8422-8ea0a013e6f3}</UniqueIdentifier>
    </Filter>
    <Filter Include="Source\01.Engine">
      <UniqueIdentifier>{45423e6e-c7e0-4713-8c00-08c6818e91d8}</UniqueIdentifier>
    </Filter>
    <Filter Include="Source\02.Device">
      <UniqueIdentifier>{34c17f60-b226-4a4f-a5d4-4e63f895dbea}</UniqueIdentifier>
    </Filter>
    <Filter Include="Source\02.Device\ConstBuffer">
      <UniqueIdentifier>{81681c3f-790e-4be7-8dbb-dc39847b450e}</UniqueIdentifier>
    </Filter>
    <Filter Include="Source\02.Device\StructuredBuffer">
      <UniqueIdentifier>{994cea3a-cbcc-4bb2-9e78-1527e31a5053}</UniqueIdentifier>
    </Filter>
    <Filter Include="Source\04. Level">
      <UniqueIdentifier>{cecfc916-be4e-4ffa-a250-abc1c89146d8}</UniqueIdentifier>
    </Filter>
    <Filter Include="Source\07. Resource">
      <UniqueIdentifier>{4fbc524d-557e-41b9-9293-067af8c42ecd}</UniqueIdentifier>
    </Filter>
    <Filter Include="Source\07. Resource\1.Mesh">
      <UniqueIdentifier>{a378f2fc-8179-4ccf-9193-8bca1d778fdd}</UniqueIdentifier>
    </Filter>
    <Filter Include="Source\07. Resource\2.Texture">
      <UniqueIdentifier>{8f9c6925-b78d-4150-ba81-a77b34e873d9}</UniqueIdentifier>
    </Filter>
    <Filter Include="Source\07. Resource\3.Material">
      <UniqueIdentifier>{24a0af20-a061-4f8e-a427-bad8b18c3538}</UniqueIdentifier>
    </Filter>
    <Filter Include="Source\07. Resource\4.Shader">
      <UniqueIdentifier>{979385c9-a205-4be6-a7ef-dd1746498966}</UniqueIdentifier>
    </Filter>
    <Filter Include="Source\07. Resource\5.Prefab">
      <UniqueIdentifier>{296f298d-274a-4f5d-b80e-77ff07ab1e66}</UniqueIdentifier>
    </Filter>
    <Filter Include="Source\07. Resource\6.Sound">
      <UniqueIdentifier>{25311e30-4e56-40d4-a091-bb2988992b84}</UniqueIdentifier>
    </Filter>
    <Filter Include="Source\07. Resource\4.Shader\ComputeShader">
      <UniqueIdentifier>{2400b974-c98b-4855-bb8e-9436e0ae5047}</UniqueIdentifier>
    </Filter>
    <Filter Include="Source\07. Resource\4.Shader\GraphicsShader">
      <UniqueIdentifier>{af47b8d1-e254-44b2-a729-b5a61cd5f3db}</UniqueIdentifier>
    </Filter>
    <Filter Include="Source\06.Component">
      <UniqueIdentifier>{b2c8a797-da5e-458b-b238-5aee27336239}</UniqueIdentifier>
    </Filter>
    <Filter Include="Source\06.Component\1.Transform">
      <UniqueIdentifier>{1ceccb7c-0dbc-4187-b98a-9289f8a10862}</UniqueIdentifier>
    </Filter>
    <Filter Include="Source\06.Component\2.Collider2D">
      <UniqueIdentifier>{b1112847-de45-43fa-be1b-8addfa7865a6}</UniqueIdentifier>
    </Filter>
    <Filter Include="Source\06.Component\3.Camera">
      <UniqueIdentifier>{7a955c09-1916-4825-8ef3-d6023b9818a0}</UniqueIdentifier>
    </Filter>
    <Filter Include="Source\06.Component\4.Light2D">
      <UniqueIdentifier>{f07fc97d-2420-41a5-b947-2858b479c2d5}</UniqueIdentifier>
    </Filter>
    <Filter Include="Source\06.Component\5.Animator2D">
      <UniqueIdentifier>{2c8444d0-717f-49c3-a879-4de7f5eee205}</UniqueIdentifier>
    </Filter>
    <Filter Include="Source\06.Component\RenderComponent">
      <UniqueIdentifier>{3ae703e4-fa1b-4106-b337-e7cc537b582c}</UniqueIdentifier>
    </Filter>
    <Filter Include="Source\05.GameObject">
      <UniqueIdentifier>{8558bdfe-0f87-4d74-b555-e7c5bc58f9d4}</UniqueIdentifier>
    </Filter>
    <Filter Include="Source\06.Component\RenderComponent\1.MeshRenderer">
      <UniqueIdentifier>{1b9e73e6-3b83-4d80-92b8-932d58d3081a}</UniqueIdentifier>
    </Filter>
    <Filter Include="Source\06.Component\RenderComponent\2.ParticleSystem">
      <UniqueIdentifier>{cf70b212-ef33-46bd-9739-eb3257286822}</UniqueIdentifier>
    </Filter>
    <Filter Include="Source\06.Component\RenderComponent\3.TileMap">
      <UniqueIdentifier>{aaccab97-cef6-4dd7-a2c2-3b891f14669d}</UniqueIdentifier>
    </Filter>
    <Filter Include="Source\06.Component\RenderComponent\4.SkyBox">
      <UniqueIdentifier>{2fa91638-6acb-43fd-9031-5e16e4be5636}</UniqueIdentifier>
    </Filter>
    <Filter Include="Source\06.Component\RenderComponent\5.Decal">
      <UniqueIdentifier>{e5db0218-3a9f-4540-b034-7fe4cb00bb91}</UniqueIdentifier>
    </Filter>
    <Filter Include="Source\06.Component\RenderComponent\6.LandScape">
      <UniqueIdentifier>{67e24263-9683-45c4-b0a4-4352162b73da}</UniqueIdentifier>
    </Filter>
    <Filter Include="Source\06.Component\Script">
      <UniqueIdentifier>{ade8307c-57d3-44ef-a6b4-5b71101e30b8}</UniqueIdentifier>
    </Filter>
    <Filter Include="Source\03. Manager\01.PathMgr">
      <UniqueIdentifier>{482890bb-86f7-46ac-a8cf-1bbf6d38fc07}</UniqueIdentifier>
    </Filter>
    <Filter Include="Source\03. Manager\02.TimeMgr">
      <UniqueIdentifier>{7e102a47-e00b-4a1f-b24e-d81807133a0f}</UniqueIdentifier>
    </Filter>
    <Filter Include="Source\03. Manager\03.KeyMgr">
      <UniqueIdentifier>{eb64c2f3-42af-4eb6-8fbd-be24f1efe703}</UniqueIdentifier>
    </Filter>
    <Filter Include="Source\03. Manager\04.LevelMgr">
      <UniqueIdentifier>{2179679e-c17e-4268-8a98-e29648cc166c}</UniqueIdentifier>
    </Filter>
    <Filter Include="Source\03. Manager\05.CResMgr">
      <UniqueIdentifier>{faa9f531-091f-4b5c-b561-b74b4e842887}</UniqueIdentifier>
    </Filter>
    <Filter Include="Source\03. Manager\06.RenderMgr">
      <UniqueIdentifier>{2cc2025a-b25d-46fc-a48d-54bad3cf267d}</UniqueIdentifier>
    </Filter>
    <Filter Include="Source\03. Manager\07.CollisionMgr">
      <UniqueIdentifier>{57b07889-4ec8-47f6-beac-5ec495f93ef6}</UniqueIdentifier>
    </Filter>
    <Filter Include="Source\03. Manager\09.EventMgr">
      <UniqueIdentifier>{443b4a4a-685c-4dfa-bd9a-ac89585cecc5}</UniqueIdentifier>
    </Filter>
    <Filter Include="Source\03. Manager\11.FontMgr">
      <UniqueIdentifier>{b2f54b4f-27ea-4c08-8990-d4ef47e131a7}</UniqueIdentifier>
    </Filter>
    <Filter Include="Source\08. ShaderCode\03. Compute\LandScape">
      <UniqueIdentifier>{d036a779-5be4-4c4f-a891-b00bfc0dc0e9}</UniqueIdentifier>
    </Filter>
    <Filter Include="Source\08. ShaderCode\03. Compute\LandScape\HeightMap">
      <UniqueIdentifier>{af66da94-c010-4f70-b5a3-314277038e36}</UniqueIdentifier>
    </Filter>
    <Filter Include="Source\08. ShaderCode\03. Compute\LandScape\RayCast">
      <UniqueIdentifier>{f39bf417-610c-4049-8245-d987928cbd32}</UniqueIdentifier>
    </Filter>
    <Filter Include="Source\08. ShaderCode\03. Compute\LandScape\WeightMap">
      <UniqueIdentifier>{ebf8d8af-993c-4d13-8173-9ad62881f42c}</UniqueIdentifier>
    </Filter>
    <Filter Include="Source\06.Component\9.Fsm">
      <UniqueIdentifier>{bc2f1e94-2327-47f0-8662-4a85b578a7f9}</UniqueIdentifier>
    </Filter>
    <Filter Include="Source\07. Resource\7.MeshData">
      <UniqueIdentifier>{6543cc12-9674-48e6-b00d-74c51c28f802}</UniqueIdentifier>
    </Filter>
    <Filter Include="Source\08. ShaderCode\03. Compute\Animation">
      <UniqueIdentifier>{5d412c9b-4993-486e-8706-ce8119a7db4b}</UniqueIdentifier>
    </Filter>
    <Filter Include="Source\08. ShaderCode\03. Compute\Particle">
      <UniqueIdentifier>{4f4a9f85-a42f-4c57-938c-0d94007b15c5}</UniqueIdentifier>
    </Filter>
    <Filter Include="Source\08. ShaderCode\03. Compute\SetColor">
      <UniqueIdentifier>{ad1b42fe-de09-4882-8031-bcaf8821a87b}</UniqueIdentifier>
    </Filter>
    <Filter Include="Source\08. ShaderCode\03. Compute\Animation\AnimationUpdate">
      <UniqueIdentifier>{b799bada-30b3-4625-9801-a4fc00abd87d}</UniqueIdentifier>
    </Filter>
    <Filter Include="Source\06.Component\7.Light3D">
      <UniqueIdentifier>{5cf9d941-35d8-43e4-8c21-6acfe929db25}</UniqueIdentifier>
    </Filter>
    <Filter Include="Source\06.Component\8.Collider3D">
      <UniqueIdentifier>{86267b67-046c-4ea6-99c1-4c0aa3517ad6}</UniqueIdentifier>
    </Filter>
    <Filter Include="Source\06.Component\6.Animator3D">
      <UniqueIdentifier>{732b0ad4-f200-46d0-b46c-b32f1ac0f700}</UniqueIdentifier>
    </Filter>
    <Filter Include="Default\rapidJson">
      <UniqueIdentifier>{d08c7c66-7921-40fa-9acd-5c4562cb9377}</UniqueIdentifier>
    </Filter>
    <Filter Include="NaviMesh">
      <UniqueIdentifier>{3f52a28d-9903-4f95-af53-05a176fce088}</UniqueIdentifier>
    </Filter>
    <Filter Include="Source\03. Manager\10. PathFindMgr">
      <UniqueIdentifier>{103dfcab-064f-4950-9bc5-efe18c289caf}</UniqueIdentifier>
    </Filter>
    <Filter Include="Source\06.Component\10. PathFinder">
      <UniqueIdentifier>{e5784bd0-20e1-4f60-87de-f3b849a7ac8a}</UniqueIdentifier>
    </Filter>
    <Filter Include="Source\08. ShaderCode\03. Compute\FogOfWar">
      <UniqueIdentifier>{761b1dde-9034-428c-bbcd-c84d40a04cdc}</UniqueIdentifier>
    </Filter>
    <Filter Include="Source\08. ShaderCode\03. Compute\FogOfWar\FogOfWar">
      <UniqueIdentifier>{7c9ad769-5bb0-4e89-8209-d79c96a962f9}</UniqueIdentifier>
    </Filter>
    <Filter Include="Source\08. ShaderCode\03. Compute\FogOfWar\FogFilter">
      <UniqueIdentifier>{66f39572-13f8-45c6-b373-50772d132f4a}</UniqueIdentifier>
    </Filter>
    <Filter Include="Source\03. Manager\12.InstancingBuffer">
      <UniqueIdentifier>{18f0ca9f-a285-46d9-b71e-9ea5d004f54c}</UniqueIdentifier>
    </Filter>
    <Filter Include="Source\08. ShaderCode\03. Compute\CopyBone">
      <UniqueIdentifier>{66ee0490-5f2f-42c2-8e98-4138949f6c4a}</UniqueIdentifier>
    </Filter>
  </ItemGroup>
  <ItemGroup>
    <None Include="SimpleMath.inl">
      <Filter>Source\09.Module\SimpleMath</Filter>
    </None>
  </ItemGroup>
</Project>